
Microsoft Visual Studio Solution File, Format Version 12.00
# Visual Studio 2017
Project("{FAE04EC0-301F-11D3-BF4B-00C04F79EFBC}") = "Last Man Standing", "Last Man Standing.csproj", "{05880A68-7133-E637-FC98-B94DA0E3978E}"
EndProject
Global
	GlobalSection(SolutionConfigurationPlatforms) = preSolution
		Debug|Any CPU = Debug|Any CPU
		Release|Any CPU = Release|Any CPU
	EndGlobalSection
	GlobalSection(ProjectConfigurationPlatforms) = postSolution
		{05880A68-7133-E637-FC98-B94DA0E3978E}.Debug|Any CPU.ActiveCfg = Debug|Any CPU
		{05880A68-7133-E637-FC98-B94DA0E3978E}.Debug|Any CPU.Build.0 = Debug|Any CPU
		{05880A68-7133-E637-FC98-B94DA0E3978E}.Release|Any CPU.ActiveCfg = Release|Any CPU
		{05880A68-7133-E637-FC98-B94DA0E3978E}.Release|Any CPU.Build.0 = Release|Any CPU
	EndGlobalSection
	GlobalSection(SolutionProperties) = preSolution
		HideSolutionNode = FALSE
	EndGlobalSection
EndGlobal
